
Microsoft Visual Studio Solution File, Format Version 12.00
# Visual Studio Version 16
VisualStudioVersion = 16.0.32413.511
MinimumVisualStudioVersion = 10.0.40219.1
Project("{FAE04EC0-301F-11D3-BF4B-00C04F79EFBC}") = "Trabajo Final", "Trabajo Final\Trabajo Final.csproj", "{D65F0EC3-E1CB-4FD7-81FF-398470767897}"
EndProject
Global
	GlobalSection(SolutionConfigurationPlatforms) = preSolution
		Debug|Any CPU = Debug|Any CPU
		Release|Any CPU = Release|Any CPU
	EndGlobalSection
	GlobalSection(ProjectConfigurationPlatforms) = postSolution
		{D65F0EC3-E1CB-4FD7-81FF-398470767897}.Debug|Any CPU.ActiveCfg = Debug|Any CPU
		{D65F0EC3-E1CB-4FD7-81FF-398470767897}.Debug|Any CPU.Build.0 = Debug|Any CPU
		{D65F0EC3-E1CB-4FD7-81FF-398470767897}.Release|Any CPU.ActiveCfg = Release|Any CPU
		{D65F0EC3-E1CB-4FD7-81FF-398470767897}.Release|Any CPU.Build.0 = Release|Any CPU
	EndGlobalSection
	GlobalSection(SolutionProperties) = preSolution
		HideSolutionNode = FALSE
	EndGlobalSection
	GlobalSection(ExtensibilityGlobals) = postSolution
		SolutionGuid = {DB71A1B0-0801-4F4D-B074-801CE6066164}
	EndGlobalSection
EndGlobal
